
Microsoft Visual Studio Solution File, Format Version 12.00
# Visual Studio Version 16
VisualStudioVersion = 16.0.31402.337
MinimumVisualStudioVersion = 10.0.40219.1
Project("{2150E333-8FDC-42A3-9474-1A3956D46DE8}") = "Solution Items", "Solution Items", "{D4BB2663-168D-4471-AF1A-460671B508C6}"
	ProjectSection(SolutionItems) = preProject
		Agenda.md = Agenda.md
		KnowledgeDocs.txt = KnowledgeDocs.txt
	EndProjectSection
EndProject
Project("{2150E333-8FDC-42A3-9474-1A3956D46DE8}") = "SprachFeatures", "SprachFeatures", "{225E04D9-2C35-4216-911F-F30B31100F5A}"
EndProject
Project("{9A19103F-16F7-4668-BE54-9A1E7A4F7556}") = "CSharp70Samples", "CSharp70Samples\CSharp70Samples.csproj", "{A17FCA60-789D-42BE-A869-07FE43A5DAB6}"
EndProject
Project("{9A19103F-16F7-4668-BE54-9A1E7A4F7556}") = "CSharp71Samples", "CSharp71Samples\CSharp71Samples.csproj", "{93AC7470-794B-44C7-B26F-47947DCEB672}"
EndProject
Project("{9A19103F-16F7-4668-BE54-9A1E7A4F7556}") = "CSharp72", "CSharp72\CSharp72.csproj", "{517A37DC-D914-413D-8D26-779352D5B554}"
EndProject
Project("{9A19103F-16F7-4668-BE54-9A1E7A4F7556}") = "CSharp80", "CSharp80\CSharp80.csproj", "{7A7F4B66-7A37-4CA0-B9BD-43736014C58E}"
EndProject
Project("{FAE04EC0-301F-11D3-BF4B-00C04F79EFBC}") = "CSharp90", "CSharp90\CSharp90.csproj", "{92C92378-5B86-442A-A53F-95635CA2A544}"
EndProject
Project("{2150E333-8FDC-42A3-9474-1A3956D46DE8}") = "OOP Rundblick", "OOP Rundblick", "{E431B9B7-6421-4D95-BDE2-28D7F8929E4E}"
EndProject
Project("{FAE04EC0-301F-11D3-BF4B-00C04F79EFBC}") = "OOP_Basics", "OOP_Basics\OOP_Basics.csproj", "{A09449CE-A898-4EB9-90D2-442B4EFBF620}"
EndProject
Global
	GlobalSection(SolutionConfigurationPlatforms) = preSolution
		Debug|Any CPU = Debug|Any CPU
		Release|Any CPU = Release|Any CPU
	EndGlobalSection
	GlobalSection(ProjectConfigurationPlatforms) = postSolution
		{A17FCA60-789D-42BE-A869-07FE43A5DAB6}.Debug|Any CPU.ActiveCfg = Debug|Any CPU
		{A17FCA60-789D-42BE-A869-07FE43A5DAB6}.Debug|Any CPU.Build.0 = Debug|Any CPU
		{A17FCA60-789D-42BE-A869-07FE43A5DAB6}.Release|Any CPU.ActiveCfg = Release|Any CPU
		{A17FCA60-789D-42BE-A869-07FE43A5DAB6}.Release|Any CPU.Build.0 = Release|Any CPU
		{93AC7470-794B-44C7-B26F-47947DCEB672}.Debug|Any CPU.ActiveCfg = Debug|Any CPU
		{93AC7470-794B-44C7-B26F-47947DCEB672}.Debug|Any CPU.Build.0 = Debug|Any CPU
		{93AC7470-794B-44C7-B26F-47947DCEB672}.Release|Any CPU.ActiveCfg = Release|Any CPU
		{93AC7470-794B-44C7-B26F-47947DCEB672}.Release|Any CPU.Build.0 = Release|Any CPU
		{517A37DC-D914-413D-8D26-779352D5B554}.Debug|Any CPU.ActiveCfg = Debug|Any CPU
		{517A37DC-D914-413D-8D26-779352D5B554}.Debug|Any CPU.Build.0 = Debug|Any CPU
		{517A37DC-D914-413D-8D26-779352D5B554}.Release|Any CPU.ActiveCfg = Release|Any CPU
		{517A37DC-D914-413D-8D26-779352D5B554}.Release|Any CPU.Build.0 = Release|Any CPU
		{7A7F4B66-7A37-4CA0-B9BD-43736014C58E}.Debug|Any CPU.ActiveCfg = Debug|Any CPU
		{7A7F4B66-7A37-4CA0-B9BD-43736014C58E}.Debug|Any CPU.Build.0 = Debug|Any CPU
		{7A7F4B66-7A37-4CA0-B9BD-43736014C58E}.Release|Any CPU.ActiveCfg = Release|Any CPU
		{7A7F4B66-7A37-4CA0-B9BD-43736014C58E}.Release|Any CPU.Build.0 = Release|Any CPU
		{92C92378-5B86-442A-A53F-95635CA2A544}.Debug|Any CPU.ActiveCfg = Debug|Any CPU
		{92C92378-5B86-442A-A53F-95635CA2A544}.Debug|Any CPU.Build.0 = Debug|Any CPU
		{92C92378-5B86-442A-A53F-95635CA2A544}.Release|Any CPU.ActiveCfg = Release|Any CPU
		{92C92378-5B86-442A-A53F-95635CA2A544}.Release|Any CPU.Build.0 = Release|Any CPU
		{A09449CE-A898-4EB9-90D2-442B4EFBF620}.Debug|Any CPU.ActiveCfg = Debug|Any CPU
		{A09449CE-A898-4EB9-90D2-442B4EFBF620}.Debug|Any CPU.Build.0 = Debug|Any CPU
		{A09449CE-A898-4EB9-90D2-442B4EFBF620}.Release|Any CPU.ActiveCfg = Release|Any CPU
		{A09449CE-A898-4EB9-90D2-442B4EFBF620}.Release|Any CPU.Build.0 = Release|Any CPU
	EndGlobalSection
	GlobalSection(SolutionProperties) = preSolution
		HideSolutionNode = FALSE
	EndGlobalSection
	GlobalSection(NestedProjects) = preSolution
		{A17FCA60-789D-42BE-A869-07FE43A5DAB6} = {225E04D9-2C35-4216-911F-F30B31100F5A}
		{93AC7470-794B-44C7-B26F-47947DCEB672} = {225E04D9-2C35-4216-911F-F30B31100F5A}
		{517A37DC-D914-413D-8D26-779352D5B554} = {225E04D9-2C35-4216-911F-F30B31100F5A}
		{7A7F4B66-7A37-4CA0-B9BD-43736014C58E} = {225E04D9-2C35-4216-911F-F30B31100F5A}
		{92C92378-5B86-442A-A53F-95635CA2A544} = {225E04D9-2C35-4216-911F-F30B31100F5A}
		{A09449CE-A898-4EB9-90D2-442B4EFBF620} = {E431B9B7-6421-4D95-BDE2-28D7F8929E4E}
	EndGlobalSection
	GlobalSection(ExtensibilityGlobals) = postSolution
		SolutionGuid = {BA72AFEA-D69D-4B82-B9AE-05E8123B41EE}
	EndGlobalSection
EndGlobal
