
Microsoft Visual Studio Solution File, Format Version 12.00
# Visual Studio Version 16
VisualStudioVersion = 16.0.31402.337
MinimumVisualStudioVersion = 10.0.40219.1
Project("{2150E333-8FDC-42A3-9474-1A3956D46DE8}") = "Solution Items", "Solution Items", "{D4BB2663-168D-4471-AF1A-460671B508C6}"
	ProjectSection(SolutionItems) = preProject
		Agenda.md = Agenda.md
		KnowledgeDocs.txt = KnowledgeDocs.txt
	EndProjectSection
EndProject
Project("{2150E333-8FDC-42A3-9474-1A3956D46DE8}") = "SprachFeatures", "SprachFeatures", "{225E04D9-2C35-4216-911F-F30B31100F5A}"
EndProject
Project("{9A19103F-16F7-4668-BE54-9A1E7A4F7556}") = "CSharp70Samples", "CSharp70Samples\CSharp70Samples.csproj", "{A17FCA60-789D-42BE-A869-07FE43A5DAB6}"
EndProject
Project("{9A19103F-16F7-4668-BE54-9A1E7A4F7556}") = "CSharp71Samples", "CSharp71Samples\CSharp71Samples.csproj", "{93AC7470-794B-44C7-B26F-47947DCEB672}"
EndProject
Project("{9A19103F-16F7-4668-BE54-9A1E7A4F7556}") = "CSharp72", "CSharp72\CSharp72.csproj", "{517A37DC-D914-413D-8D26-779352D5B554}"
EndProject
Project("{9A19103F-16F7-4668-BE54-9A1E7A4F7556}") = "CSharp80", "CSharp80\CSharp80.csproj", "{7A7F4B66-7A37-4CA0-B9BD-43736014C58E}"
EndProject
Project("{9A19103F-16F7-4668-BE54-9A1E7A4F7556}") = "CSharp90", "CSharp90\CSharp90.csproj", "{92C92378-5B86-442A-A53F-95635CA2A544}"
EndProject
Project("{2150E333-8FDC-42A3-9474-1A3956D46DE8}") = "OOP Rundblick", "OOP Rundblick", "{E431B9B7-6421-4D95-BDE2-28D7F8929E4E}"
EndProject
Project("{9A19103F-16F7-4668-BE54-9A1E7A4F7556}") = "OOP_Basics", "OOP_Basics\OOP_Basics.csproj", "{A09449CE-A898-4EB9-90D2-442B4EFBF620}"
EndProject
Project("{2150E333-8FDC-42A3-9474-1A3956D46DE8}") = "SOLID", "SOLID", "{52CEC3E2-ED24-4760-9C7A-0E1F549543BB}"
EndProject
Project("{9A19103F-16F7-4668-BE54-9A1E7A4F7556}") = "SingleResponsibility_Princip", "SingleResponsibility_Princip\SingleResponsibility_Princip.csproj", "{64D7D0A1-1758-4277-A3A6-A6583D2F2BAB}"
EndProject
Project("{9A19103F-16F7-4668-BE54-9A1E7A4F7556}") = "OpenClosed_Principle_OCP", "OpenClosed_Principle_OCP\OpenClosed_Principle_OCP.csproj", "{EFCC95F6-7D37-40D6-AF16-5CC370D6EE35}"
EndProject
Project("{9A19103F-16F7-4668-BE54-9A1E7A4F7556}") = "Dependency_Inversion", "Dependency_Inversion\Dependency_Inversion.csproj", "{7BE33220-886E-486A-A8ED-7D59E143C1AB}"
EndProject
Project("{9A19103F-16F7-4668-BE54-9A1E7A4F7556}") = "Interface_segregation_principle_ISP", "Interface_segregation_principle_ISP\Interface_segregation_principle_ISP.csproj", "{F5C7B6F4-6D5A-4A9F-8ECC-A5937099CB61}"
EndProject
Project("{2150E333-8FDC-42A3-9474-1A3956D46DE8}") = "Generics", "Generics", "{A94A97DD-7BB2-407F-A1CF-C3CFDF428AFF}"
EndProject
Project("{9A19103F-16F7-4668-BE54-9A1E7A4F7556}") = "GenericsSamples", "GenericsSamples\GenericsSamples.csproj", "{EFD69C63-9A20-4EF9-B3D3-7F3D261E92A9}"
EndProject
Project("{9A19103F-16F7-4668-BE54-9A1E7A4F7556}") = "GenericsWithConstraintsSampleAndLab", "GenericsWithConstraintsSampleAndLab\GenericsWithConstraintsSampleAndLab.csproj", "{CAF0676B-B2CC-45C8-8647-44D7FDFE9700}"
EndProject
Project("{2150E333-8FDC-42A3-9474-1A3956D46DE8}") = "BenchmarkTest", "BenchmarkTest", "{266D4927-64D2-4B56-BAA7-B1C9E2223BEF}"
EndProject
Project("{9A19103F-16F7-4668-BE54-9A1E7A4F7556}") = "StringBuilderBenchmarkDemo", "StringBuilderBenchmarkDemo\StringBuilderBenchmarkDemo.csproj", "{ADE35A76-6425-4901-87A8-26C691F30DCC}"
EndProject
Project("{2150E333-8FDC-42A3-9474-1A3956D46DE8}") = "LABS", "LABS", "{053CE0F9-A8F7-4003-9C79-01AFAAB4C918}"
EndProject
Project("{9A19103F-16F7-4668-BE54-9A1E7A4F7556}") = "Übung_Solid1", "..\Labs\Übung_Solid1\Übung_Solid1.csproj", "{95EBFAC9-2070-4433-A6CC-2C95D4680671}"
EndProject
Project("{9A19103F-16F7-4668-BE54-9A1E7A4F7556}") = "Übung_Solid2", "..\Labs\Übung_Solid2\Übung_Solid2.csproj", "{EA0D9994-F6AB-4090-A9BC-B53E84CD7FB2}"
EndProject
Project("{2150E333-8FDC-42A3-9474-1A3956D46DE8}") = "Threadings", "Threadings", "{984DBDD2-18BC-46A8-AD26-6351CF062172}"
EndProject
Project("{9A19103F-16F7-4668-BE54-9A1E7A4F7556}") = "001_ThreadStarten", "001_ThreadStarten\001_ThreadStarten.csproj", "{87AA64D3-8CEA-4A53-9B78-883ABC6FF757}"
EndProject
Project("{9A19103F-16F7-4668-BE54-9A1E7A4F7556}") = "002_ThreadMitParameter", "002_ThreadMitParameter\002_ThreadMitParameter.csproj", "{18EDBA46-5054-4F9B-9888-E5BF60666550}"
EndProject
Project("{9A19103F-16F7-4668-BE54-9A1E7A4F7556}") = "003_ThreadBeenden", "003_ThreadBeenden\003_ThreadBeenden.csproj", "{BF0DF188-31A0-4F1E-94EC-15FA8ADDC43A}"
EndProject
Project("{9A19103F-16F7-4668-BE54-9A1E7A4F7556}") = "004_ThreadPoolSample", "004_ThreadPoolSample\004_ThreadPoolSample.csproj", "{FA20684B-2C4C-436C-9D1B-13FA3338FCCD}"
EndProject
Project("{9A19103F-16F7-4668-BE54-9A1E7A4F7556}") = "005_LockSample", "005_LockSample\005_LockSample.csproj", "{EB9E40D8-DBDE-4F81-9843-DF6F42116E54}"
EndProject
Project("{9A19103F-16F7-4668-BE54-9A1E7A4F7556}") = "MonitorSample", "MonitorSample\MonitorSample.csproj", "{2D4D82B8-EC6E-4530-96A3-0E8AC09ED5E6}"
EndProject
Project("{9A19103F-16F7-4668-BE54-9A1E7A4F7556}") = "MutexSample", "MutexSample\MutexSample.csproj", "{88C6179C-8F2A-454B-8D3A-D2D0C8661A72}"
EndProject
Project("{9A19103F-16F7-4668-BE54-9A1E7A4F7556}") = "MutexSample_ProgrammInstance", "MutexSample_ProgrammInstance\MutexSample_ProgrammInstance.csproj", "{7D48757B-B92D-4E3C-9F3E-3F65DA15A03D}"
EndProject
Project("{9A19103F-16F7-4668-BE54-9A1E7A4F7556}") = "006_ThreadWithReturnValueAndParameters", "006_ThreadWithReturnValueAndParameters\006_ThreadWithReturnValueAndParameters.csproj", "{5380EAA1-455E-41E9-BB0A-1DF5A2A6E814}"
EndProject
Project("{9A19103F-16F7-4668-BE54-9A1E7A4F7556}") = "007_ThreadWithCallback", "007_ThreadWithCallback\007_ThreadWithCallback.csproj", "{F61F494C-32A4-4824-87A6-BCBFB71B38E1}"
EndProject
Project("{2150E333-8FDC-42A3-9474-1A3956D46DE8}") = "TPL", "TPL", "{D2A3D58A-1800-4636-871C-3758B605C9FD}"
EndProject
Project("{9A19103F-16F7-4668-BE54-9A1E7A4F7556}") = "001_EasyTask", "001_EasyTask\001_EasyTask.csproj", "{E96A0672-19D9-4F23-8C19-F697A2421804}"
EndProject
Project("{9A19103F-16F7-4668-BE54-9A1E7A4F7556}") = "002_TaskFactorySample", "002_TaskFactorySample\002_TaskFactorySample.csproj", "{97558CEA-9C00-4965-811C-855D4A3BFB6D}"
EndProject
Project("{9A19103F-16F7-4668-BE54-9A1E7A4F7556}") = "003_TaskWithParameter", "003_TaskWithParameter\003_TaskWithParameter.csproj", "{8404D162-DA84-41FD-9482-02BB86E97DBD}"
EndProject
Project("{9A19103F-16F7-4668-BE54-9A1E7A4F7556}") = "004_TaskBeenden", "004_TaskBeenden\004_TaskBeenden.csproj", "{C136B558-0E77-4247-AC53-2D85DC62EFAF}"
EndProject
Project("{9A19103F-16F7-4668-BE54-9A1E7A4F7556}") = "005_TaskContinueSample", "005_TaskContinueSample\005_TaskContinueSample.csproj", "{F5108AB5-9771-4898-A641-262D2D385D58}"
EndProject
Project("{9A19103F-16F7-4668-BE54-9A1E7A4F7556}") = "006_ContinureTaskWithParameter", "006_ContinureTaskWithParameter\006_ContinureTaskWithParameter.csproj", "{4EBCE476-25EC-448A-A23D-76DBB10389C2}"
EndProject
Project("{9A19103F-16F7-4668-BE54-9A1E7A4F7556}") = "007_TaskMitException", "007_TaskMitException\007_TaskMitException.csproj", "{0FD6B9C7-E61A-4391-985B-6B2BE5FAAC7D}"
EndProject
Project("{2150E333-8FDC-42A3-9474-1A3956D46DE8}") = "AsyncAwaitPattern", "AsyncAwaitPattern", "{D4C5B8A4-3237-4F64-A52C-88F1DC67C7BF}"
EndProject
Project("{9A19103F-16F7-4668-BE54-9A1E7A4F7556}") = "AsyncAwaitPatternSample", "AsyncAwaitPatternSample\AsyncAwaitPatternSample.csproj", "{4B717D84-6E38-4AE8-A59C-CA89C710B916}"
EndProject
Project("{FAE04EC0-301F-11D3-BF4B-00C04F79EFBC}") = "HalloAsync", "HalloAsync\HalloAsync\HalloAsync.csproj", "{8518674C-843F-4BCF-BAD3-3EAEB28E48EF}"
EndProject
Project("{9A19103F-16F7-4668-BE54-9A1E7A4F7556}") = "BenchmarkTestParallelForVsFor", "BenchmarkTestParallelForVsFor\BenchmarkTestParallelForVsFor.csproj", "{2B852EE2-98DC-49D0-9A35-58BF2FAC7110}"
EndProject
Project("{2150E333-8FDC-42A3-9474-1A3956D46DE8}") = "DelegatesActionsFuncsEvents", "DelegatesActionsFuncsEvents", "{CF0F1C4F-865C-47C0-9A67-2E10FB3A4B60}"
EndProject
Project("{9A19103F-16F7-4668-BE54-9A1E7A4F7556}") = "DelegatesActionsFuncSample", "DelegatesActionsFuncSample\DelegatesActionsFuncSample.csproj", "{1FCDA4A6-B8F8-4460-BE78-2E97C2A73CCC}"
EndProject
Project("{9A19103F-16F7-4668-BE54-9A1E7A4F7556}") = "DeleagateWithCallback", "DeleagateWithCallback\DeleagateWithCallback.csproj", "{C79ECD8B-0E80-4063-8880-DC4CD971466B}"
EndProject
Project("{9A19103F-16F7-4668-BE54-9A1E7A4F7556}") = "EventAndEventHandler", "EventAndEventHandler\EventAndEventHandler.csproj", "{1958CBBC-C3E2-4F65-9247-CCE7C4F4C3C8}"
EndProject
Project("{2150E333-8FDC-42A3-9474-1A3956D46DE8}") = "Reflections", "Reflections", "{6FDB830C-61FE-4CFE-BEBA-0243A64029CF}"
EndProject
Project("{9A19103F-16F7-4668-BE54-9A1E7A4F7556}") = "TrumpTaschenrechner", "TrumpTaschenrechner\TrumpTaschenrechner.csproj", "{50A1AC30-62DD-4813-A1CD-851BBBD055F6}"
EndProject
Project("{9A19103F-16F7-4668-BE54-9A1E7A4F7556}") = "HalloReflection", "HalloReflection\HalloReflection.csproj", "{88AC92D7-9DC2-45E8-8077-06CC5223F03C}"
EndProject
Project("{2150E333-8FDC-42A3-9474-1A3956D46DE8}") = "Serialisierung", "Serialisierung", "{D49B0BF1-EC45-4779-98FF-AA9EAF9EFE26}"
EndProject
Project("{FAE04EC0-301F-11D3-BF4B-00C04F79EFBC}") = "HelloSerialize", "HelloSerialize\HelloSerialize.csproj", "{C6CFBB67-A5C0-4823-881A-96C988E87E78}"
EndProject
Global
	GlobalSection(SolutionConfigurationPlatforms) = preSolution
		Debug|Any CPU = Debug|Any CPU
		Release|Any CPU = Release|Any CPU
	EndGlobalSection
	GlobalSection(ProjectConfigurationPlatforms) = postSolution
		{A17FCA60-789D-42BE-A869-07FE43A5DAB6}.Debug|Any CPU.ActiveCfg = Debug|Any CPU
		{A17FCA60-789D-42BE-A869-07FE43A5DAB6}.Debug|Any CPU.Build.0 = Debug|Any CPU
		{A17FCA60-789D-42BE-A869-07FE43A5DAB6}.Release|Any CPU.ActiveCfg = Release|Any CPU
		{A17FCA60-789D-42BE-A869-07FE43A5DAB6}.Release|Any CPU.Build.0 = Release|Any CPU
		{93AC7470-794B-44C7-B26F-47947DCEB672}.Debug|Any CPU.ActiveCfg = Debug|Any CPU
		{93AC7470-794B-44C7-B26F-47947DCEB672}.Debug|Any CPU.Build.0 = Debug|Any CPU
		{93AC7470-794B-44C7-B26F-47947DCEB672}.Release|Any CPU.ActiveCfg = Release|Any CPU
		{93AC7470-794B-44C7-B26F-47947DCEB672}.Release|Any CPU.Build.0 = Release|Any CPU
		{517A37DC-D914-413D-8D26-779352D5B554}.Debug|Any CPU.ActiveCfg = Debug|Any CPU
		{517A37DC-D914-413D-8D26-779352D5B554}.Debug|Any CPU.Build.0 = Debug|Any CPU
		{517A37DC-D914-413D-8D26-779352D5B554}.Release|Any CPU.ActiveCfg = Release|Any CPU
		{517A37DC-D914-413D-8D26-779352D5B554}.Release|Any CPU.Build.0 = Release|Any CPU
		{7A7F4B66-7A37-4CA0-B9BD-43736014C58E}.Debug|Any CPU.ActiveCfg = Debug|Any CPU
		{7A7F4B66-7A37-4CA0-B9BD-43736014C58E}.Debug|Any CPU.Build.0 = Debug|Any CPU
		{7A7F4B66-7A37-4CA0-B9BD-43736014C58E}.Release|Any CPU.ActiveCfg = Release|Any CPU
		{7A7F4B66-7A37-4CA0-B9BD-43736014C58E}.Release|Any CPU.Build.0 = Release|Any CPU
		{92C92378-5B86-442A-A53F-95635CA2A544}.Debug|Any CPU.ActiveCfg = Debug|Any CPU
		{92C92378-5B86-442A-A53F-95635CA2A544}.Debug|Any CPU.Build.0 = Debug|Any CPU
		{92C92378-5B86-442A-A53F-95635CA2A544}.Release|Any CPU.ActiveCfg = Release|Any CPU
		{92C92378-5B86-442A-A53F-95635CA2A544}.Release|Any CPU.Build.0 = Release|Any CPU
		{A09449CE-A898-4EB9-90D2-442B4EFBF620}.Debug|Any CPU.ActiveCfg = Debug|Any CPU
		{A09449CE-A898-4EB9-90D2-442B4EFBF620}.Debug|Any CPU.Build.0 = Debug|Any CPU
		{A09449CE-A898-4EB9-90D2-442B4EFBF620}.Release|Any CPU.ActiveCfg = Release|Any CPU
		{A09449CE-A898-4EB9-90D2-442B4EFBF620}.Release|Any CPU.Build.0 = Release|Any CPU
		{64D7D0A1-1758-4277-A3A6-A6583D2F2BAB}.Debug|Any CPU.ActiveCfg = Debug|Any CPU
		{64D7D0A1-1758-4277-A3A6-A6583D2F2BAB}.Debug|Any CPU.Build.0 = Debug|Any CPU
		{64D7D0A1-1758-4277-A3A6-A6583D2F2BAB}.Release|Any CPU.ActiveCfg = Release|Any CPU
		{64D7D0A1-1758-4277-A3A6-A6583D2F2BAB}.Release|Any CPU.Build.0 = Release|Any CPU
		{EFCC95F6-7D37-40D6-AF16-5CC370D6EE35}.Debug|Any CPU.ActiveCfg = Debug|Any CPU
		{EFCC95F6-7D37-40D6-AF16-5CC370D6EE35}.Debug|Any CPU.Build.0 = Debug|Any CPU
		{EFCC95F6-7D37-40D6-AF16-5CC370D6EE35}.Release|Any CPU.ActiveCfg = Release|Any CPU
		{EFCC95F6-7D37-40D6-AF16-5CC370D6EE35}.Release|Any CPU.Build.0 = Release|Any CPU
		{7BE33220-886E-486A-A8ED-7D59E143C1AB}.Debug|Any CPU.ActiveCfg = Debug|Any CPU
		{7BE33220-886E-486A-A8ED-7D59E143C1AB}.Debug|Any CPU.Build.0 = Debug|Any CPU
		{7BE33220-886E-486A-A8ED-7D59E143C1AB}.Release|Any CPU.ActiveCfg = Release|Any CPU
		{7BE33220-886E-486A-A8ED-7D59E143C1AB}.Release|Any CPU.Build.0 = Release|Any CPU
		{F5C7B6F4-6D5A-4A9F-8ECC-A5937099CB61}.Debug|Any CPU.ActiveCfg = Debug|Any CPU
		{F5C7B6F4-6D5A-4A9F-8ECC-A5937099CB61}.Debug|Any CPU.Build.0 = Debug|Any CPU
		{F5C7B6F4-6D5A-4A9F-8ECC-A5937099CB61}.Release|Any CPU.ActiveCfg = Release|Any CPU
		{F5C7B6F4-6D5A-4A9F-8ECC-A5937099CB61}.Release|Any CPU.Build.0 = Release|Any CPU
		{EFD69C63-9A20-4EF9-B3D3-7F3D261E92A9}.Debug|Any CPU.ActiveCfg = Debug|Any CPU
		{EFD69C63-9A20-4EF9-B3D3-7F3D261E92A9}.Debug|Any CPU.Build.0 = Debug|Any CPU
		{EFD69C63-9A20-4EF9-B3D3-7F3D261E92A9}.Release|Any CPU.ActiveCfg = Release|Any CPU
		{EFD69C63-9A20-4EF9-B3D3-7F3D261E92A9}.Release|Any CPU.Build.0 = Release|Any CPU
		{CAF0676B-B2CC-45C8-8647-44D7FDFE9700}.Debug|Any CPU.ActiveCfg = Debug|Any CPU
		{CAF0676B-B2CC-45C8-8647-44D7FDFE9700}.Debug|Any CPU.Build.0 = Debug|Any CPU
		{CAF0676B-B2CC-45C8-8647-44D7FDFE9700}.Release|Any CPU.ActiveCfg = Release|Any CPU
		{CAF0676B-B2CC-45C8-8647-44D7FDFE9700}.Release|Any CPU.Build.0 = Release|Any CPU
		{ADE35A76-6425-4901-87A8-26C691F30DCC}.Debug|Any CPU.ActiveCfg = Debug|Any CPU
		{ADE35A76-6425-4901-87A8-26C691F30DCC}.Debug|Any CPU.Build.0 = Debug|Any CPU
		{ADE35A76-6425-4901-87A8-26C691F30DCC}.Release|Any CPU.ActiveCfg = Release|Any CPU
		{ADE35A76-6425-4901-87A8-26C691F30DCC}.Release|Any CPU.Build.0 = Release|Any CPU
		{95EBFAC9-2070-4433-A6CC-2C95D4680671}.Debug|Any CPU.ActiveCfg = Debug|Any CPU
		{95EBFAC9-2070-4433-A6CC-2C95D4680671}.Debug|Any CPU.Build.0 = Debug|Any CPU
		{95EBFAC9-2070-4433-A6CC-2C95D4680671}.Release|Any CPU.ActiveCfg = Release|Any CPU
		{95EBFAC9-2070-4433-A6CC-2C95D4680671}.Release|Any CPU.Build.0 = Release|Any CPU
		{EA0D9994-F6AB-4090-A9BC-B53E84CD7FB2}.Debug|Any CPU.ActiveCfg = Debug|Any CPU
		{EA0D9994-F6AB-4090-A9BC-B53E84CD7FB2}.Debug|Any CPU.Build.0 = Debug|Any CPU
		{EA0D9994-F6AB-4090-A9BC-B53E84CD7FB2}.Release|Any CPU.ActiveCfg = Release|Any CPU
		{EA0D9994-F6AB-4090-A9BC-B53E84CD7FB2}.Release|Any CPU.Build.0 = Release|Any CPU
		{87AA64D3-8CEA-4A53-9B78-883ABC6FF757}.Debug|Any CPU.ActiveCfg = Debug|Any CPU
		{87AA64D3-8CEA-4A53-9B78-883ABC6FF757}.Debug|Any CPU.Build.0 = Debug|Any CPU
		{87AA64D3-8CEA-4A53-9B78-883ABC6FF757}.Release|Any CPU.ActiveCfg = Release|Any CPU
		{87AA64D3-8CEA-4A53-9B78-883ABC6FF757}.Release|Any CPU.Build.0 = Release|Any CPU
		{18EDBA46-5054-4F9B-9888-E5BF60666550}.Debug|Any CPU.ActiveCfg = Debug|Any CPU
		{18EDBA46-5054-4F9B-9888-E5BF60666550}.Debug|Any CPU.Build.0 = Debug|Any CPU
		{18EDBA46-5054-4F9B-9888-E5BF60666550}.Release|Any CPU.ActiveCfg = Release|Any CPU
		{18EDBA46-5054-4F9B-9888-E5BF60666550}.Release|Any CPU.Build.0 = Release|Any CPU
		{BF0DF188-31A0-4F1E-94EC-15FA8ADDC43A}.Debug|Any CPU.ActiveCfg = Debug|Any CPU
		{BF0DF188-31A0-4F1E-94EC-15FA8ADDC43A}.Debug|Any CPU.Build.0 = Debug|Any CPU
		{BF0DF188-31A0-4F1E-94EC-15FA8ADDC43A}.Release|Any CPU.ActiveCfg = Release|Any CPU
		{BF0DF188-31A0-4F1E-94EC-15FA8ADDC43A}.Release|Any CPU.Build.0 = Release|Any CPU
		{FA20684B-2C4C-436C-9D1B-13FA3338FCCD}.Debug|Any CPU.ActiveCfg = Debug|Any CPU
		{FA20684B-2C4C-436C-9D1B-13FA3338FCCD}.Debug|Any CPU.Build.0 = Debug|Any CPU
		{FA20684B-2C4C-436C-9D1B-13FA3338FCCD}.Release|Any CPU.ActiveCfg = Release|Any CPU
		{FA20684B-2C4C-436C-9D1B-13FA3338FCCD}.Release|Any CPU.Build.0 = Release|Any CPU
		{EB9E40D8-DBDE-4F81-9843-DF6F42116E54}.Debug|Any CPU.ActiveCfg = Debug|Any CPU
		{EB9E40D8-DBDE-4F81-9843-DF6F42116E54}.Debug|Any CPU.Build.0 = Debug|Any CPU
		{EB9E40D8-DBDE-4F81-9843-DF6F42116E54}.Release|Any CPU.ActiveCfg = Release|Any CPU
		{EB9E40D8-DBDE-4F81-9843-DF6F42116E54}.Release|Any CPU.Build.0 = Release|Any CPU
		{2D4D82B8-EC6E-4530-96A3-0E8AC09ED5E6}.Debug|Any CPU.ActiveCfg = Debug|Any CPU
		{2D4D82B8-EC6E-4530-96A3-0E8AC09ED5E6}.Debug|Any CPU.Build.0 = Debug|Any CPU
		{2D4D82B8-EC6E-4530-96A3-0E8AC09ED5E6}.Release|Any CPU.ActiveCfg = Release|Any CPU
		{2D4D82B8-EC6E-4530-96A3-0E8AC09ED5E6}.Release|Any CPU.Build.0 = Release|Any CPU
		{88C6179C-8F2A-454B-8D3A-D2D0C8661A72}.Debug|Any CPU.ActiveCfg = Debug|Any CPU
		{88C6179C-8F2A-454B-8D3A-D2D0C8661A72}.Debug|Any CPU.Build.0 = Debug|Any CPU
		{88C6179C-8F2A-454B-8D3A-D2D0C8661A72}.Release|Any CPU.ActiveCfg = Release|Any CPU
		{88C6179C-8F2A-454B-8D3A-D2D0C8661A72}.Release|Any CPU.Build.0 = Release|Any CPU
		{7D48757B-B92D-4E3C-9F3E-3F65DA15A03D}.Debug|Any CPU.ActiveCfg = Debug|Any CPU
		{7D48757B-B92D-4E3C-9F3E-3F65DA15A03D}.Debug|Any CPU.Build.0 = Debug|Any CPU
		{7D48757B-B92D-4E3C-9F3E-3F65DA15A03D}.Release|Any CPU.ActiveCfg = Release|Any CPU
		{7D48757B-B92D-4E3C-9F3E-3F65DA15A03D}.Release|Any CPU.Build.0 = Release|Any CPU
		{5380EAA1-455E-41E9-BB0A-1DF5A2A6E814}.Debug|Any CPU.ActiveCfg = Debug|Any CPU
		{5380EAA1-455E-41E9-BB0A-1DF5A2A6E814}.Debug|Any CPU.Build.0 = Debug|Any CPU
		{5380EAA1-455E-41E9-BB0A-1DF5A2A6E814}.Release|Any CPU.ActiveCfg = Release|Any CPU
		{5380EAA1-455E-41E9-BB0A-1DF5A2A6E814}.Release|Any CPU.Build.0 = Release|Any CPU
		{F61F494C-32A4-4824-87A6-BCBFB71B38E1}.Debug|Any CPU.ActiveCfg = Debug|Any CPU
		{F61F494C-32A4-4824-87A6-BCBFB71B38E1}.Debug|Any CPU.Build.0 = Debug|Any CPU
		{F61F494C-32A4-4824-87A6-BCBFB71B38E1}.Release|Any CPU.ActiveCfg = Release|Any CPU
		{F61F494C-32A4-4824-87A6-BCBFB71B38E1}.Release|Any CPU.Build.0 = Release|Any CPU
		{E96A0672-19D9-4F23-8C19-F697A2421804}.Debug|Any CPU.ActiveCfg = Debug|Any CPU
		{E96A0672-19D9-4F23-8C19-F697A2421804}.Debug|Any CPU.Build.0 = Debug|Any CPU
		{E96A0672-19D9-4F23-8C19-F697A2421804}.Release|Any CPU.ActiveCfg = Release|Any CPU
		{E96A0672-19D9-4F23-8C19-F697A2421804}.Release|Any CPU.Build.0 = Release|Any CPU
		{97558CEA-9C00-4965-811C-855D4A3BFB6D}.Debug|Any CPU.ActiveCfg = Debug|Any CPU
		{97558CEA-9C00-4965-811C-855D4A3BFB6D}.Debug|Any CPU.Build.0 = Debug|Any CPU
		{97558CEA-9C00-4965-811C-855D4A3BFB6D}.Release|Any CPU.ActiveCfg = Release|Any CPU
		{97558CEA-9C00-4965-811C-855D4A3BFB6D}.Release|Any CPU.Build.0 = Release|Any CPU
		{8404D162-DA84-41FD-9482-02BB86E97DBD}.Debug|Any CPU.ActiveCfg = Debug|Any CPU
		{8404D162-DA84-41FD-9482-02BB86E97DBD}.Debug|Any CPU.Build.0 = Debug|Any CPU
		{8404D162-DA84-41FD-9482-02BB86E97DBD}.Release|Any CPU.ActiveCfg = Release|Any CPU
		{8404D162-DA84-41FD-9482-02BB86E97DBD}.Release|Any CPU.Build.0 = Release|Any CPU
		{C136B558-0E77-4247-AC53-2D85DC62EFAF}.Debug|Any CPU.ActiveCfg = Debug|Any CPU
		{C136B558-0E77-4247-AC53-2D85DC62EFAF}.Debug|Any CPU.Build.0 = Debug|Any CPU
		{C136B558-0E77-4247-AC53-2D85DC62EFAF}.Release|Any CPU.ActiveCfg = Release|Any CPU
		{C136B558-0E77-4247-AC53-2D85DC62EFAF}.Release|Any CPU.Build.0 = Release|Any CPU
		{F5108AB5-9771-4898-A641-262D2D385D58}.Debug|Any CPU.ActiveCfg = Debug|Any CPU
		{F5108AB5-9771-4898-A641-262D2D385D58}.Debug|Any CPU.Build.0 = Debug|Any CPU
		{F5108AB5-9771-4898-A641-262D2D385D58}.Release|Any CPU.ActiveCfg = Release|Any CPU
		{F5108AB5-9771-4898-A641-262D2D385D58}.Release|Any CPU.Build.0 = Release|Any CPU
		{4EBCE476-25EC-448A-A23D-76DBB10389C2}.Debug|Any CPU.ActiveCfg = Debug|Any CPU
		{4EBCE476-25EC-448A-A23D-76DBB10389C2}.Debug|Any CPU.Build.0 = Debug|Any CPU
		{4EBCE476-25EC-448A-A23D-76DBB10389C2}.Release|Any CPU.ActiveCfg = Release|Any CPU
		{4EBCE476-25EC-448A-A23D-76DBB10389C2}.Release|Any CPU.Build.0 = Release|Any CPU
		{0FD6B9C7-E61A-4391-985B-6B2BE5FAAC7D}.Debug|Any CPU.ActiveCfg = Debug|Any CPU
		{0FD6B9C7-E61A-4391-985B-6B2BE5FAAC7D}.Debug|Any CPU.Build.0 = Debug|Any CPU
		{0FD6B9C7-E61A-4391-985B-6B2BE5FAAC7D}.Release|Any CPU.ActiveCfg = Release|Any CPU
		{0FD6B9C7-E61A-4391-985B-6B2BE5FAAC7D}.Release|Any CPU.Build.0 = Release|Any CPU
		{4B717D84-6E38-4AE8-A59C-CA89C710B916}.Debug|Any CPU.ActiveCfg = Debug|Any CPU
		{4B717D84-6E38-4AE8-A59C-CA89C710B916}.Debug|Any CPU.Build.0 = Debug|Any CPU
		{4B717D84-6E38-4AE8-A59C-CA89C710B916}.Release|Any CPU.ActiveCfg = Release|Any CPU
		{4B717D84-6E38-4AE8-A59C-CA89C710B916}.Release|Any CPU.Build.0 = Release|Any CPU
		{8518674C-843F-4BCF-BAD3-3EAEB28E48EF}.Debug|Any CPU.ActiveCfg = Debug|Any CPU
		{8518674C-843F-4BCF-BAD3-3EAEB28E48EF}.Debug|Any CPU.Build.0 = Debug|Any CPU
		{8518674C-843F-4BCF-BAD3-3EAEB28E48EF}.Release|Any CPU.ActiveCfg = Release|Any CPU
		{8518674C-843F-4BCF-BAD3-3EAEB28E48EF}.Release|Any CPU.Build.0 = Release|Any CPU
		{2B852EE2-98DC-49D0-9A35-58BF2FAC7110}.Debug|Any CPU.ActiveCfg = Debug|Any CPU
		{2B852EE2-98DC-49D0-9A35-58BF2FAC7110}.Debug|Any CPU.Build.0 = Debug|Any CPU
		{2B852EE2-98DC-49D0-9A35-58BF2FAC7110}.Release|Any CPU.ActiveCfg = Release|Any CPU
		{2B852EE2-98DC-49D0-9A35-58BF2FAC7110}.Release|Any CPU.Build.0 = Release|Any CPU
		{1FCDA4A6-B8F8-4460-BE78-2E97C2A73CCC}.Debug|Any CPU.ActiveCfg = Debug|Any CPU
		{1FCDA4A6-B8F8-4460-BE78-2E97C2A73CCC}.Debug|Any CPU.Build.0 = Debug|Any CPU
		{1FCDA4A6-B8F8-4460-BE78-2E97C2A73CCC}.Release|Any CPU.ActiveCfg = Release|Any CPU
		{1FCDA4A6-B8F8-4460-BE78-2E97C2A73CCC}.Release|Any CPU.Build.0 = Release|Any CPU
		{C79ECD8B-0E80-4063-8880-DC4CD971466B}.Debug|Any CPU.ActiveCfg = Debug|Any CPU
		{C79ECD8B-0E80-4063-8880-DC4CD971466B}.Debug|Any CPU.Build.0 = Debug|Any CPU
		{C79ECD8B-0E80-4063-8880-DC4CD971466B}.Release|Any CPU.ActiveCfg = Release|Any CPU
		{C79ECD8B-0E80-4063-8880-DC4CD971466B}.Release|Any CPU.Build.0 = Release|Any CPU
		{1958CBBC-C3E2-4F65-9247-CCE7C4F4C3C8}.Debug|Any CPU.ActiveCfg = Debug|Any CPU
		{1958CBBC-C3E2-4F65-9247-CCE7C4F4C3C8}.Debug|Any CPU.Build.0 = Debug|Any CPU
		{1958CBBC-C3E2-4F65-9247-CCE7C4F4C3C8}.Release|Any CPU.ActiveCfg = Release|Any CPU
		{1958CBBC-C3E2-4F65-9247-CCE7C4F4C3C8}.Release|Any CPU.Build.0 = Release|Any CPU
		{50A1AC30-62DD-4813-A1CD-851BBBD055F6}.Debug|Any CPU.ActiveCfg = Debug|Any CPU
		{50A1AC30-62DD-4813-A1CD-851BBBD055F6}.Debug|Any CPU.Build.0 = Debug|Any CPU
		{50A1AC30-62DD-4813-A1CD-851BBBD055F6}.Release|Any CPU.ActiveCfg = Release|Any CPU
		{50A1AC30-62DD-4813-A1CD-851BBBD055F6}.Release|Any CPU.Build.0 = Release|Any CPU
		{88AC92D7-9DC2-45E8-8077-06CC5223F03C}.Debug|Any CPU.ActiveCfg = Debug|Any CPU
		{88AC92D7-9DC2-45E8-8077-06CC5223F03C}.Debug|Any CPU.Build.0 = Debug|Any CPU
		{88AC92D7-9DC2-45E8-8077-06CC5223F03C}.Release|Any CPU.ActiveCfg = Release|Any CPU
		{88AC92D7-9DC2-45E8-8077-06CC5223F03C}.Release|Any CPU.Build.0 = Release|Any CPU
		{C6CFBB67-A5C0-4823-881A-96C988E87E78}.Debug|Any CPU.ActiveCfg = Debug|Any CPU
		{C6CFBB67-A5C0-4823-881A-96C988E87E78}.Debug|Any CPU.Build.0 = Debug|Any CPU
		{C6CFBB67-A5C0-4823-881A-96C988E87E78}.Release|Any CPU.ActiveCfg = Release|Any CPU
		{C6CFBB67-A5C0-4823-881A-96C988E87E78}.Release|Any CPU.Build.0 = Release|Any CPU
	EndGlobalSection
	GlobalSection(SolutionProperties) = preSolution
		HideSolutionNode = FALSE
	EndGlobalSection
	GlobalSection(NestedProjects) = preSolution
		{A17FCA60-789D-42BE-A869-07FE43A5DAB6} = {225E04D9-2C35-4216-911F-F30B31100F5A}
		{93AC7470-794B-44C7-B26F-47947DCEB672} = {225E04D9-2C35-4216-911F-F30B31100F5A}
		{517A37DC-D914-413D-8D26-779352D5B554} = {225E04D9-2C35-4216-911F-F30B31100F5A}
		{7A7F4B66-7A37-4CA0-B9BD-43736014C58E} = {225E04D9-2C35-4216-911F-F30B31100F5A}
		{92C92378-5B86-442A-A53F-95635CA2A544} = {225E04D9-2C35-4216-911F-F30B31100F5A}
		{A09449CE-A898-4EB9-90D2-442B4EFBF620} = {E431B9B7-6421-4D95-BDE2-28D7F8929E4E}
		{64D7D0A1-1758-4277-A3A6-A6583D2F2BAB} = {52CEC3E2-ED24-4760-9C7A-0E1F549543BB}
		{EFCC95F6-7D37-40D6-AF16-5CC370D6EE35} = {52CEC3E2-ED24-4760-9C7A-0E1F549543BB}
		{7BE33220-886E-486A-A8ED-7D59E143C1AB} = {52CEC3E2-ED24-4760-9C7A-0E1F549543BB}
		{F5C7B6F4-6D5A-4A9F-8ECC-A5937099CB61} = {52CEC3E2-ED24-4760-9C7A-0E1F549543BB}
		{EFD69C63-9A20-4EF9-B3D3-7F3D261E92A9} = {A94A97DD-7BB2-407F-A1CF-C3CFDF428AFF}
		{CAF0676B-B2CC-45C8-8647-44D7FDFE9700} = {A94A97DD-7BB2-407F-A1CF-C3CFDF428AFF}
		{ADE35A76-6425-4901-87A8-26C691F30DCC} = {266D4927-64D2-4B56-BAA7-B1C9E2223BEF}
		{95EBFAC9-2070-4433-A6CC-2C95D4680671} = {053CE0F9-A8F7-4003-9C79-01AFAAB4C918}
		{EA0D9994-F6AB-4090-A9BC-B53E84CD7FB2} = {053CE0F9-A8F7-4003-9C79-01AFAAB4C918}
		{87AA64D3-8CEA-4A53-9B78-883ABC6FF757} = {984DBDD2-18BC-46A8-AD26-6351CF062172}
		{18EDBA46-5054-4F9B-9888-E5BF60666550} = {984DBDD2-18BC-46A8-AD26-6351CF062172}
		{BF0DF188-31A0-4F1E-94EC-15FA8ADDC43A} = {984DBDD2-18BC-46A8-AD26-6351CF062172}
		{FA20684B-2C4C-436C-9D1B-13FA3338FCCD} = {984DBDD2-18BC-46A8-AD26-6351CF062172}
		{EB9E40D8-DBDE-4F81-9843-DF6F42116E54} = {984DBDD2-18BC-46A8-AD26-6351CF062172}
		{2D4D82B8-EC6E-4530-96A3-0E8AC09ED5E6} = {984DBDD2-18BC-46A8-AD26-6351CF062172}
		{88C6179C-8F2A-454B-8D3A-D2D0C8661A72} = {984DBDD2-18BC-46A8-AD26-6351CF062172}
		{7D48757B-B92D-4E3C-9F3E-3F65DA15A03D} = {984DBDD2-18BC-46A8-AD26-6351CF062172}
		{5380EAA1-455E-41E9-BB0A-1DF5A2A6E814} = {984DBDD2-18BC-46A8-AD26-6351CF062172}
		{F61F494C-32A4-4824-87A6-BCBFB71B38E1} = {984DBDD2-18BC-46A8-AD26-6351CF062172}
		{E96A0672-19D9-4F23-8C19-F697A2421804} = {D2A3D58A-1800-4636-871C-3758B605C9FD}
		{97558CEA-9C00-4965-811C-855D4A3BFB6D} = {D2A3D58A-1800-4636-871C-3758B605C9FD}
		{8404D162-DA84-41FD-9482-02BB86E97DBD} = {D2A3D58A-1800-4636-871C-3758B605C9FD}
		{C136B558-0E77-4247-AC53-2D85DC62EFAF} = {D2A3D58A-1800-4636-871C-3758B605C9FD}
		{F5108AB5-9771-4898-A641-262D2D385D58} = {D2A3D58A-1800-4636-871C-3758B605C9FD}
		{4EBCE476-25EC-448A-A23D-76DBB10389C2} = {D2A3D58A-1800-4636-871C-3758B605C9FD}
		{0FD6B9C7-E61A-4391-985B-6B2BE5FAAC7D} = {D2A3D58A-1800-4636-871C-3758B605C9FD}
		{4B717D84-6E38-4AE8-A59C-CA89C710B916} = {D4C5B8A4-3237-4F64-A52C-88F1DC67C7BF}
		{8518674C-843F-4BCF-BAD3-3EAEB28E48EF} = {D4C5B8A4-3237-4F64-A52C-88F1DC67C7BF}
		{2B852EE2-98DC-49D0-9A35-58BF2FAC7110} = {D2A3D58A-1800-4636-871C-3758B605C9FD}
		{1FCDA4A6-B8F8-4460-BE78-2E97C2A73CCC} = {CF0F1C4F-865C-47C0-9A67-2E10FB3A4B60}
		{C79ECD8B-0E80-4063-8880-DC4CD971466B} = {CF0F1C4F-865C-47C0-9A67-2E10FB3A4B60}
		{1958CBBC-C3E2-4F65-9247-CCE7C4F4C3C8} = {CF0F1C4F-865C-47C0-9A67-2E10FB3A4B60}
		{50A1AC30-62DD-4813-A1CD-851BBBD055F6} = {6FDB830C-61FE-4CFE-BEBA-0243A64029CF}
		{88AC92D7-9DC2-45E8-8077-06CC5223F03C} = {6FDB830C-61FE-4CFE-BEBA-0243A64029CF}
		{C6CFBB67-A5C0-4823-881A-96C988E87E78} = {D49B0BF1-EC45-4779-98FF-AA9EAF9EFE26}
	EndGlobalSection
	GlobalSection(ExtensibilityGlobals) = postSolution
		SolutionGuid = {BA72AFEA-D69D-4B82-B9AE-05E8123B41EE}
	EndGlobalSection
EndGlobal
