
Microsoft Visual Studio Solution File, Format Version 12.00
# Visual Studio Version 16
VisualStudioVersion = 16.0.31402.337
MinimumVisualStudioVersion = 10.0.40219.1
Project("{2150E333-8FDC-42A3-9474-1A3956D46DE8}") = "Solution Items", "Solution Items", "{D4BB2663-168D-4471-AF1A-460671B508C6}"
	ProjectSection(SolutionItems) = preProject
		Agenda.md = Agenda.md
		KnowledgeDocs.txt = KnowledgeDocs.txt
	EndProjectSection
EndProject
Project("{2150E333-8FDC-42A3-9474-1A3956D46DE8}") = "SprachFeatures", "SprachFeatures", "{225E04D9-2C35-4216-911F-F30B31100F5A}"
EndProject
Project("{9A19103F-16F7-4668-BE54-9A1E7A4F7556}") = "CSharp70Samples", "CSharp70Samples\CSharp70Samples.csproj", "{A17FCA60-789D-42BE-A869-07FE43A5DAB6}"
EndProject
Project("{9A19103F-16F7-4668-BE54-9A1E7A4F7556}") = "CSharp71Samples", "CSharp71Samples\CSharp71Samples.csproj", "{93AC7470-794B-44C7-B26F-47947DCEB672}"
EndProject
Project("{9A19103F-16F7-4668-BE54-9A1E7A4F7556}") = "CSharp72", "CSharp72\CSharp72.csproj", "{517A37DC-D914-413D-8D26-779352D5B554}"
EndProject
Project("{9A19103F-16F7-4668-BE54-9A1E7A4F7556}") = "CSharp80", "CSharp80\CSharp80.csproj", "{7A7F4B66-7A37-4CA0-B9BD-43736014C58E}"
EndProject
Project("{9A19103F-16F7-4668-BE54-9A1E7A4F7556}") = "CSharp90", "CSharp90\CSharp90.csproj", "{92C92378-5B86-442A-A53F-95635CA2A544}"
EndProject
Project("{2150E333-8FDC-42A3-9474-1A3956D46DE8}") = "OOP Rundblick", "OOP Rundblick", "{E431B9B7-6421-4D95-BDE2-28D7F8929E4E}"
EndProject
Project("{9A19103F-16F7-4668-BE54-9A1E7A4F7556}") = "OOP_Basics", "OOP_Basics\OOP_Basics.csproj", "{A09449CE-A898-4EB9-90D2-442B4EFBF620}"
EndProject
Project("{2150E333-8FDC-42A3-9474-1A3956D46DE8}") = "SOLID", "SOLID", "{52CEC3E2-ED24-4760-9C7A-0E1F549543BB}"
EndProject
Project("{9A19103F-16F7-4668-BE54-9A1E7A4F7556}") = "SingleResponsibility_Princip", "SingleResponsibility_Princip\SingleResponsibility_Princip.csproj", "{64D7D0A1-1758-4277-A3A6-A6583D2F2BAB}"
EndProject
Project("{9A19103F-16F7-4668-BE54-9A1E7A4F7556}") = "OpenClosed_Principle_OCP", "OpenClosed_Principle_OCP\OpenClosed_Principle_OCP.csproj", "{EFCC95F6-7D37-40D6-AF16-5CC370D6EE35}"
EndProject
Project("{9A19103F-16F7-4668-BE54-9A1E7A4F7556}") = "Dependency_Inversion", "Dependency_Inversion\Dependency_Inversion.csproj", "{7BE33220-886E-486A-A8ED-7D59E143C1AB}"
EndProject
Project("{9A19103F-16F7-4668-BE54-9A1E7A4F7556}") = "Interface_segregation_principle_ISP", "Interface_segregation_principle_ISP\Interface_segregation_principle_ISP.csproj", "{F5C7B6F4-6D5A-4A9F-8ECC-A5937099CB61}"
EndProject
Project("{2150E333-8FDC-42A3-9474-1A3956D46DE8}") = "Generics", "Generics", "{A94A97DD-7BB2-407F-A1CF-C3CFDF428AFF}"
EndProject
Project("{9A19103F-16F7-4668-BE54-9A1E7A4F7556}") = "GenericsSamples", "GenericsSamples\GenericsSamples.csproj", "{EFD69C63-9A20-4EF9-B3D3-7F3D261E92A9}"
EndProject
Project("{9A19103F-16F7-4668-BE54-9A1E7A4F7556}") = "GenericsWithConstraintsSampleAndLab", "GenericsWithConstraintsSampleAndLab\GenericsWithConstraintsSampleAndLab.csproj", "{CAF0676B-B2CC-45C8-8647-44D7FDFE9700}"
EndProject
Project("{2150E333-8FDC-42A3-9474-1A3956D46DE8}") = "BenchmarkTest", "BenchmarkTest", "{266D4927-64D2-4B56-BAA7-B1C9E2223BEF}"
EndProject
Project("{9A19103F-16F7-4668-BE54-9A1E7A4F7556}") = "StringBuilderBenchmarkDemo", "StringBuilderBenchmarkDemo\StringBuilderBenchmarkDemo.csproj", "{ADE35A76-6425-4901-87A8-26C691F30DCC}"
EndProject
Project("{2150E333-8FDC-42A3-9474-1A3956D46DE8}") = "LABS", "LABS", "{053CE0F9-A8F7-4003-9C79-01AFAAB4C918}"
EndProject
Project("{9A19103F-16F7-4668-BE54-9A1E7A4F7556}") = "Übung_Solid1", "..\Labs\Übung_Solid1\Übung_Solid1.csproj", "{95EBFAC9-2070-4433-A6CC-2C95D4680671}"
EndProject
Project("{9A19103F-16F7-4668-BE54-9A1E7A4F7556}") = "Übung_Solid2", "..\Labs\Übung_Solid2\Übung_Solid2.csproj", "{EA0D9994-F6AB-4090-A9BC-B53E84CD7FB2}"
EndProject
Global
	GlobalSection(SolutionConfigurationPlatforms) = preSolution
		Debug|Any CPU = Debug|Any CPU
		Release|Any CPU = Release|Any CPU
	EndGlobalSection
	GlobalSection(ProjectConfigurationPlatforms) = postSolution
		{A17FCA60-789D-42BE-A869-07FE43A5DAB6}.Debug|Any CPU.ActiveCfg = Debug|Any CPU
		{A17FCA60-789D-42BE-A869-07FE43A5DAB6}.Debug|Any CPU.Build.0 = Debug|Any CPU
		{A17FCA60-789D-42BE-A869-07FE43A5DAB6}.Release|Any CPU.ActiveCfg = Release|Any CPU
		{A17FCA60-789D-42BE-A869-07FE43A5DAB6}.Release|Any CPU.Build.0 = Release|Any CPU
		{93AC7470-794B-44C7-B26F-47947DCEB672}.Debug|Any CPU.ActiveCfg = Debug|Any CPU
		{93AC7470-794B-44C7-B26F-47947DCEB672}.Debug|Any CPU.Build.0 = Debug|Any CPU
		{93AC7470-794B-44C7-B26F-47947DCEB672}.Release|Any CPU.ActiveCfg = Release|Any CPU
		{93AC7470-794B-44C7-B26F-47947DCEB672}.Release|Any CPU.Build.0 = Release|Any CPU
		{517A37DC-D914-413D-8D26-779352D5B554}.Debug|Any CPU.ActiveCfg = Debug|Any CPU
		{517A37DC-D914-413D-8D26-779352D5B554}.Debug|Any CPU.Build.0 = Debug|Any CPU
		{517A37DC-D914-413D-8D26-779352D5B554}.Release|Any CPU.ActiveCfg = Release|Any CPU
		{517A37DC-D914-413D-8D26-779352D5B554}.Release|Any CPU.Build.0 = Release|Any CPU
		{7A7F4B66-7A37-4CA0-B9BD-43736014C58E}.Debug|Any CPU.ActiveCfg = Debug|Any CPU
		{7A7F4B66-7A37-4CA0-B9BD-43736014C58E}.Debug|Any CPU.Build.0 = Debug|Any CPU
		{7A7F4B66-7A37-4CA0-B9BD-43736014C58E}.Release|Any CPU.ActiveCfg = Release|Any CPU
		{7A7F4B66-7A37-4CA0-B9BD-43736014C58E}.Release|Any CPU.Build.0 = Release|Any CPU
		{92C92378-5B86-442A-A53F-95635CA2A544}.Debug|Any CPU.ActiveCfg = Debug|Any CPU
		{92C92378-5B86-442A-A53F-95635CA2A544}.Debug|Any CPU.Build.0 = Debug|Any CPU
		{92C92378-5B86-442A-A53F-95635CA2A544}.Release|Any CPU.ActiveCfg = Release|Any CPU
		{92C92378-5B86-442A-A53F-95635CA2A544}.Release|Any CPU.Build.0 = Release|Any CPU
		{A09449CE-A898-4EB9-90D2-442B4EFBF620}.Debug|Any CPU.ActiveCfg = Debug|Any CPU
		{A09449CE-A898-4EB9-90D2-442B4EFBF620}.Debug|Any CPU.Build.0 = Debug|Any CPU
		{A09449CE-A898-4EB9-90D2-442B4EFBF620}.Release|Any CPU.ActiveCfg = Release|Any CPU
		{A09449CE-A898-4EB9-90D2-442B4EFBF620}.Release|Any CPU.Build.0 = Release|Any CPU
		{64D7D0A1-1758-4277-A3A6-A6583D2F2BAB}.Debug|Any CPU.ActiveCfg = Debug|Any CPU
		{64D7D0A1-1758-4277-A3A6-A6583D2F2BAB}.Debug|Any CPU.Build.0 = Debug|Any CPU
		{64D7D0A1-1758-4277-A3A6-A6583D2F2BAB}.Release|Any CPU.ActiveCfg = Release|Any CPU
		{64D7D0A1-1758-4277-A3A6-A6583D2F2BAB}.Release|Any CPU.Build.0 = Release|Any CPU
		{EFCC95F6-7D37-40D6-AF16-5CC370D6EE35}.Debug|Any CPU.ActiveCfg = Debug|Any CPU
		{EFCC95F6-7D37-40D6-AF16-5CC370D6EE35}.Debug|Any CPU.Build.0 = Debug|Any CPU
		{EFCC95F6-7D37-40D6-AF16-5CC370D6EE35}.Release|Any CPU.ActiveCfg = Release|Any CPU
		{EFCC95F6-7D37-40D6-AF16-5CC370D6EE35}.Release|Any CPU.Build.0 = Release|Any CPU
		{7BE33220-886E-486A-A8ED-7D59E143C1AB}.Debug|Any CPU.ActiveCfg = Debug|Any CPU
		{7BE33220-886E-486A-A8ED-7D59E143C1AB}.Debug|Any CPU.Build.0 = Debug|Any CPU
		{7BE33220-886E-486A-A8ED-7D59E143C1AB}.Release|Any CPU.ActiveCfg = Release|Any CPU
		{7BE33220-886E-486A-A8ED-7D59E143C1AB}.Release|Any CPU.Build.0 = Release|Any CPU
		{F5C7B6F4-6D5A-4A9F-8ECC-A5937099CB61}.Debug|Any CPU.ActiveCfg = Debug|Any CPU
		{F5C7B6F4-6D5A-4A9F-8ECC-A5937099CB61}.Debug|Any CPU.Build.0 = Debug|Any CPU
		{F5C7B6F4-6D5A-4A9F-8ECC-A5937099CB61}.Release|Any CPU.ActiveCfg = Release|Any CPU
		{F5C7B6F4-6D5A-4A9F-8ECC-A5937099CB61}.Release|Any CPU.Build.0 = Release|Any CPU
		{EFD69C63-9A20-4EF9-B3D3-7F3D261E92A9}.Debug|Any CPU.ActiveCfg = Debug|Any CPU
		{EFD69C63-9A20-4EF9-B3D3-7F3D261E92A9}.Debug|Any CPU.Build.0 = Debug|Any CPU
		{EFD69C63-9A20-4EF9-B3D3-7F3D261E92A9}.Release|Any CPU.ActiveCfg = Release|Any CPU
		{EFD69C63-9A20-4EF9-B3D3-7F3D261E92A9}.Release|Any CPU.Build.0 = Release|Any CPU
		{CAF0676B-B2CC-45C8-8647-44D7FDFE9700}.Debug|Any CPU.ActiveCfg = Debug|Any CPU
		{CAF0676B-B2CC-45C8-8647-44D7FDFE9700}.Debug|Any CPU.Build.0 = Debug|Any CPU
		{CAF0676B-B2CC-45C8-8647-44D7FDFE9700}.Release|Any CPU.ActiveCfg = Release|Any CPU
		{CAF0676B-B2CC-45C8-8647-44D7FDFE9700}.Release|Any CPU.Build.0 = Release|Any CPU
		{ADE35A76-6425-4901-87A8-26C691F30DCC}.Debug|Any CPU.ActiveCfg = Debug|Any CPU
		{ADE35A76-6425-4901-87A8-26C691F30DCC}.Debug|Any CPU.Build.0 = Debug|Any CPU
		{ADE35A76-6425-4901-87A8-26C691F30DCC}.Release|Any CPU.ActiveCfg = Release|Any CPU
		{ADE35A76-6425-4901-87A8-26C691F30DCC}.Release|Any CPU.Build.0 = Release|Any CPU
		{95EBFAC9-2070-4433-A6CC-2C95D4680671}.Debug|Any CPU.ActiveCfg = Debug|Any CPU
		{95EBFAC9-2070-4433-A6CC-2C95D4680671}.Debug|Any CPU.Build.0 = Debug|Any CPU
		{95EBFAC9-2070-4433-A6CC-2C95D4680671}.Release|Any CPU.ActiveCfg = Release|Any CPU
		{95EBFAC9-2070-4433-A6CC-2C95D4680671}.Release|Any CPU.Build.0 = Release|Any CPU
		{EA0D9994-F6AB-4090-A9BC-B53E84CD7FB2}.Debug|Any CPU.ActiveCfg = Debug|Any CPU
		{EA0D9994-F6AB-4090-A9BC-B53E84CD7FB2}.Debug|Any CPU.Build.0 = Debug|Any CPU
		{EA0D9994-F6AB-4090-A9BC-B53E84CD7FB2}.Release|Any CPU.ActiveCfg = Release|Any CPU
		{EA0D9994-F6AB-4090-A9BC-B53E84CD7FB2}.Release|Any CPU.Build.0 = Release|Any CPU
	EndGlobalSection
	GlobalSection(SolutionProperties) = preSolution
		HideSolutionNode = FALSE
	EndGlobalSection
	GlobalSection(NestedProjects) = preSolution
		{A17FCA60-789D-42BE-A869-07FE43A5DAB6} = {225E04D9-2C35-4216-911F-F30B31100F5A}
		{93AC7470-794B-44C7-B26F-47947DCEB672} = {225E04D9-2C35-4216-911F-F30B31100F5A}
		{517A37DC-D914-413D-8D26-779352D5B554} = {225E04D9-2C35-4216-911F-F30B31100F5A}
		{7A7F4B66-7A37-4CA0-B9BD-43736014C58E} = {225E04D9-2C35-4216-911F-F30B31100F5A}
		{92C92378-5B86-442A-A53F-95635CA2A544} = {225E04D9-2C35-4216-911F-F30B31100F5A}
		{A09449CE-A898-4EB9-90D2-442B4EFBF620} = {E431B9B7-6421-4D95-BDE2-28D7F8929E4E}
		{64D7D0A1-1758-4277-A3A6-A6583D2F2BAB} = {52CEC3E2-ED24-4760-9C7A-0E1F549543BB}
		{EFCC95F6-7D37-40D6-AF16-5CC370D6EE35} = {52CEC3E2-ED24-4760-9C7A-0E1F549543BB}
		{7BE33220-886E-486A-A8ED-7D59E143C1AB} = {52CEC3E2-ED24-4760-9C7A-0E1F549543BB}
		{F5C7B6F4-6D5A-4A9F-8ECC-A5937099CB61} = {52CEC3E2-ED24-4760-9C7A-0E1F549543BB}
		{EFD69C63-9A20-4EF9-B3D3-7F3D261E92A9} = {A94A97DD-7BB2-407F-A1CF-C3CFDF428AFF}
		{CAF0676B-B2CC-45C8-8647-44D7FDFE9700} = {A94A97DD-7BB2-407F-A1CF-C3CFDF428AFF}
		{ADE35A76-6425-4901-87A8-26C691F30DCC} = {266D4927-64D2-4B56-BAA7-B1C9E2223BEF}
		{95EBFAC9-2070-4433-A6CC-2C95D4680671} = {053CE0F9-A8F7-4003-9C79-01AFAAB4C918}
		{EA0D9994-F6AB-4090-A9BC-B53E84CD7FB2} = {053CE0F9-A8F7-4003-9C79-01AFAAB4C918}
	EndGlobalSection
	GlobalSection(ExtensibilityGlobals) = postSolution
		SolutionGuid = {BA72AFEA-D69D-4B82-B9AE-05E8123B41EE}
	EndGlobalSection
EndGlobal
